hash: 161d991a0b13d65b22bccb355b37b3275ddfa148aa8d967abe374619c193ac51
updated: 2016-11-22T22:56:23.72195626+09:00
imports:
- name: github.com/apex/go-apex
  version: 7614cf53cdd0ad152f4e38a471c08b23e0678513
- name: github.com/fujiwara/ridge
  version: c91c00c7df8d9bef39a464b2c73eebc2192b2715
- name: github.com/golang/protobuf
  version: 8ee79997227bf9b34611aee7946ae64735e6fd93
  subpackages:
  - proto
- name: github.com/google/go-github
  version: d4f1b2d029be1730fd349ca929cc9c0da4a27007
  subpackages:
  - github
- name: github.com/google/go-querystring
  version: 9235644dd9e52eeae6fa48efd539fdc351a0af53
  subpackages:
  - query
- name: github.com/gorilla/context
  version: 08b5f424b9271eedf6f9f0ce86cb9396ed337a42
- name: github.com/gorilla/mux
  version: 0eeaf8392f5b04950925b8a69fe70f110fa7cbfc
- name: github.com/hatyuki/go-ghl
  version: 93910d93f70379163bb847dacae710eb44eb8374
- name: github.com/pkg/errors
  version: 645ef00459ed84a119197bfb8d8205042c6df63d
- name: golang.org/x/net
  version: 4971afdc2f162e82d185353533d3cf16188a9f4e
  subpackages:
  - context
- name: golang.org/x/oauth2
  version: d5040cddfc0da40b408c9a1da4728662435176a9
  subpackages:
  - internal
- name: google.golang.org/appengine
  version: ca59ef35f409df61fa4a5f8290ff289b37eccfb8
  subpackages:
  - internal
  - internal/base
  - internal/datastore
  - internal/log
  - internal/remote_api
  - internal/urlfetch
  - urlfetch
testImports: []
